// !$*UTF8*$!
{
	archiveVersion = 1;
	classes = {
	};
	objectVersion = 46;
	objects = {

/* Begin PBXBuildFile section */
		36896D4A1CE31E4700183610 /* main.m in Sources */ = {isa = PBXBuildFile; fileRef = 36896D491CE31E4700183610 /* main.m */; };
		36896D4D1CE31E4700183610 /* AppDelegate.m in Sources */ = {isa = PBXBuildFile; fileRef = 36896D4C1CE31E4700183610 /* AppDelegate.m */; };
		36896D501CE31E4700183610 /* ViewController.m in Sources */ = {isa = PBXBuildFile; fileRef = 36896D4F1CE31E4700183610 /* ViewController.m */; };
		36896D531CE31E4700183610 /* Main.storyboard in Resources */ = {isa = PBXBuildFile; fileRef = 36896D511CE31E4700183610 /* Main.storyboard */; };
		36896D551CE31E4700183610 /* Assets.xcassets in Resources */ = {isa = PBXBuildFile; fileRef = 36896D541CE31E4700183610 /* Assets.xcassets */; };
		36896D581CE31E4700183610 /* LaunchScreen.storyboard in Resources */ = {isa = PBXBuildFile; fileRef = 36896D561CE31E4700183610 /* LaunchScreen.storyboard */; };
		36896D631CE31E4700183610 /* AsyncDisplayKitDemoTests.m in Sources */ = {isa = PBXBuildFile; fileRef = 36896D621CE31E4700183610 /* AsyncDisplayKitDemoTests.m */; };
		36896D6E1CE31E4700183610 /* AsyncDisplayKitDemoUITests.m in Sources */ = {isa = PBXBuildFile; fileRef = 36896D6D1CE31E4700183610 /* AsyncDisplayKitDemoUITests.m */; };
/* End PBXBuildFile section */

/* Begin PBXContainerItemProxy section */
		36896D5F1CE31E4700183610 /* PBXContainerItemProxy */ = {
			isa = PBXContainerItemProxy;
			containerPortal = 36896D3D1CE31E4700183610 /* Project object */;
			proxyType = 1;
			remoteGlobalIDString = 36896D441CE31E4700183610;
			remoteInfo = AsyncDisplayKitDemo;
		};
		36896D6A1CE31E4700183610 /* PBXContainerItemProxy */ = {
			isa = PBXContainerItemProxy;
			containerPortal = 36896D3D1CE31E4700183610 /* Project object */;
			proxyType = 1;
			remoteGlobalIDString = 36896D441CE31E4700183610;
			remoteInfo = AsyncDisplayKitDemo;
		};
/* End PBXContainerItemProxy section */

/* Begin PBXFileReference section */
		36896D451CE31E4700183610 /* AsyncDisplayKitDemo.app */ = {isa = PBXFileReference; explicitFileType = wrapper.application; includeInIndex = 0; path = AsyncDisplayKitDemo.app; sourceTree = BUILT_PRODUCTS_DIR; };
		36896D491CE31E4700183610 /* main.m */ = {isa = PBXFileReference; lastKnownFileType = sourcecode.c.objc; path = main.m; sourceTree = "<group>"; };
		36896D4B1CE31E4700183610 /* AppDelegate.h */ = {isa = PBXFileReference; lastKnownFileType = sourcecode.c.h; path = AppDelegate.h; sourceTree = "<group>"; };
		36896D4C1CE31E4700183610 /* AppDelegate.m */ = {isa = PBXFileReference; lastKnownFileType = sourcecode.c.objc; path = AppDelegate.m; sourceTree = "<group>"; };
		36896D4E1CE31E4700183610 /* ViewController.h */ = {isa = PBXFileReference; lastKnownFileType = sourcecode.c.h; path = ViewController.h; sourceTree = "<group>"; };
		36896D4F1CE31E4700183610 /* ViewController.m */ = {isa = PBXFileReference; lastKnownFileType = sourcecode.c.objc; path = ViewController.m; sourceTree = "<group>"; };
		36896D521CE31E4700183610 /* Base */ = {isa = PBXFileReference; lastKnownFileType = file.storyboard; name = Base; path = Base.lproj/Main.storyboard; sourceTree = "<group>"; };
		36896D541CE31E4700183610 /* Assets.xcassets */ = {isa = PBXFileReference; lastKnownFileType = folder.assetcatalog; path = Assets.xcassets; sourceTree = "<group>"; };
		36896D571CE31E4700183610 /* Base */ = {isa = PBXFileReference; lastKnownFileType = file.storyboard; name = Base; path = Base.lproj/LaunchScreen.storyboard; sourceTree = "<group>"; };
		36896D591CE31E4700183610 /* Info.plist */ = {isa = PBXFileReference; lastKnownFileType = text.plist.xml; path = Info.plist; sourceTree = "<group>"; };
		36896D5E1CE31E4700183610 /* AsyncDisplayKitDemoTests.xctest */ = {isa = PBXFileReference; explicitFileType = wrapper.cfbundle; includeInIndex = 0; path = AsyncDisplayKitDemoTests.xctest; sourceTree = BUILT_PRODUCTS_DIR; };
		36896D621CE31E4700183610 /* AsyncDisplayKitDemoTests.m */ = {isa = PBXFileReference; lastKnownFileType = sourcecode.c.objc; path = AsyncDisplayKitDemoTests.m; sourceTree = "<group>"; };
		36896D641CE31E4700183610 /* Info.plist */ = {isa = PBXFileReference; lastKnownFileType = text.plist.xml; path = Info.plist; sourceTree = "<group>"; };
		36896D691CE31E4700183610 /* AsyncDisplayKitDemoUITests.xctest */ = {isa = PBXFileReference; explicitFileType = wrapper.cfbundle; includeInIndex = 0; path = AsyncDisplayKitDemoUITests.xctest; sourceTree = BUILT_PRODUCTS_DIR; };
		36896D6D1CE31E4700183610 /* AsyncDisplayKitDemoUITests.m */ = {isa = PBXFileReference; lastKnownFileType = sourcecode.c.objc; path = AsyncDisplayKitDemoUITests.m; sourceTree = "<group>"; };
		36896D6F1CE31E4700183610 /* Info.plist */ = {isa = PBXFileReference; lastKnownFileType = text.plist.xml; path = Info.plist; sourceTree = "<group>"; };
/* End PBXFileReference section */

/* Begin PBXFrameworksBuildPhase section */
		36896D421CE31E4700183610 /* Frameworks */ = {
			isa = PBXFrameworksBuildPhase;
			buildActionMask = 2147483647;
			files = (
			);
			runOnlyForDeploymentPostprocessing = 0;
		};
		36896D5B1CE31E4700183610 /* Frameworks */ = {
			isa = PBXFrameworksBuildPhase;
			buildActionMask = 2147483647;
			files = (
			);
			runOnlyForDeploymentPostprocessing = 0;
		};
		36896D661CE31E4700183610 /* Frameworks */ = {
			isa = PBXFrameworksBuildPhase;
			buildActionMask = 2147483647;
			files = (
			);
			runOnlyForDeploymentPostprocessing = 0;
		};
/* End PBXFrameworksBuildPhase section */

/* Begin PBXGroup section */
		36896D3C1CE31E4700183610 = {
			isa = PBXGroup;
			children = (
				36896D471CE31E4700183610 /* AsyncDisplayKitDemo */,
				36896D611CE31E4700183610 /* AsyncDisplayKitDemoTests */,
				36896D6C1CE31E4700183610 /* AsyncDisplayKitDemoUITests */,
				36896D461CE31E4700183610 /* Products */,
			);
			sourceTree = "<group>";
		};
		36896D461CE31E4700183610 /* Products */ = {
			isa = PBXGroup;
			children = (
				36896D451CE31E4700183610 /* AsyncDisplayKitDemo.app */,
				36896D5E1CE31E4700183610 /* AsyncDisplayKitDemoTests.xctest */,
				36896D691CE31E4700183610 /* AsyncDisplayKitDemoUITests.xctest */,
			);
			name = Products;
			sourceTree = "<group>";
		};
		36896D471CE31E4700183610 /* AsyncDisplayKitDemo */ = {
			isa = PBXGroup;
			children = (
				36896D4B1CE31E4700183610 /* AppDelegate.h */,
				36896D4C1CE31E4700183610 /* AppDelegate.m */,
				36896D4E1CE31E4700183610 /* ViewController.h */,
				36896D4F1CE31E4700183610 /* ViewController.m */,
				36896D511CE31E4700183610 /* Main.storyboard */,
				36896D541CE31E4700183610 /* Assets.xcassets */,
				36896D561CE31E4700183610 /* LaunchScreen.storyboard */,
				36896D591CE31E4700183610 /* Info.plist */,
				36896D481CE31E4700183610 /* Supporting Files */,
			);
			path = AsyncDisplayKitDemo;
			sourceTree = "<group>";
		};
		36896D481CE31E4700183610 /* Supporting Files */ = {
			isa = PBXGroup;
			children = (
				36896D491CE31E4700183610 /* main.m */,
			);
			name = "Supporting Files";
			sourceTree = "<group>";
		};
		36896D611CE31E4700183610 /* AsyncDisplayKitDemoTests */ = {
			isa = PBXGroup;
			children = (
				36896D621CE31E4700183610 /* AsyncDisplayKitDemoTests.m */,
				36896D641CE31E4700183610 /* Info.plist */,
			);
			path = AsyncDisplayKitDemoTests;
			sourceTree = "<group>";
		};
		36896D6C1CE31E4700183610 /* AsyncDisplayKitDemoUITests */ = {
			isa = PBXGroup;
			children = (
				36896D6D1CE31E4700183610 /* AsyncDisplayKitDemoUITests.m */,
				36896D6F1CE31E4700183610 /* Info.plist */,
			);
			path = AsyncDisplayKitDemoUITests;
			sourceTree = "<group>";
		};
/* End PBXGroup section */

/* Begin PBXNativeTarget section */
		36896D441CE31E4700183610 /* AsyncDisplayKitDemo */ = {
			isa = PBXNativeTarget;
			buildConfigurationList = 36896D721CE31E4700183610 /* Build configuration list for PBXNativeTarget "AsyncDisplayKitDemo" */;
			buildPhases = (
				36896D411CE31E4700183610 /* Sources */,
				36896D421CE31E4700183610 /* Frameworks */,
				36896D431CE31E4700183610 /* Resources */,
			);
			buildRules = (
			);
			dependencies = (
			);
			name = AsyncDisplayKitDemo;
			productName = AsyncDisplayKitDemo;
			productReference = 36896D451CE31E4700183610 /* AsyncDisplayKitDemo.app */;
			productType = "com.apple.product-type.application";
		};
		36896D5D1CE31E4700183610 /* AsyncDisplayKitDemoTests */ = {
			isa = PBXNativeTarget;
			buildConfigurationList = 36896D751CE31E4700183610 /* Build configuration list for PBXNativeTarget "AsyncDisplayKitDemoTests" */;
			buildPhases = (
				36896D5A1CE31E4700183610 /* Sources */,
				36896D5B1CE31E4700183610 /* Frameworks */,
				36896D5C1CE31E4700183610 /* Resources */,
			);
			buildRules = (
			);
			dependencies = (
				36896D601CE31E4700183610 /* PBXTargetDependency */,
			);
			name = AsyncDisplayKitDemoTests;
			productName = AsyncDisplayKitDemoTests;
			productReference = 36896D5E1CE31E4700183610 /* AsyncDisplayKitDemoTests.xctest */;
			productType = "com.apple.product-type.bundle.unit-test";
		};
		36896D681CE31E4700183610 /* AsyncDisplayKitDemoUITests */ = {
			isa = PBXNativeTarget;
			buildConfigurationList = 36896D781CE31E4700183610 /* Build configuration list for PBXNativeTarget "AsyncDisplayKitDemoUITests" */;
			buildPhases = (
				36896D651CE31E4700183610 /* Sources */,
				36896D661CE31E4700183610 /* Frameworks */,
				36896D671CE31E4700183610 /* Resources */,
			);
			buildRules = (
			);
			dependencies = (
				36896D6B1CE31E4700183610 /* PBXTargetDependency */,
			);
			name = AsyncDisplayKitDemoUITests;
			productName = AsyncDisplayKitDemoUITests;
			productReference = 36896D691CE31E4700183610 /* AsyncDisplayKitDemoUITests.xctest */;
			productType = "com.apple.product-type.bundle.ui-testing";
		};
/* End PBXNativeTarget section */

/* Begin PBXProject section */
		36896D3D1CE31E4700183610 /* Project object */ = {
			isa = PBXProject;
			attributes = {
				LastUpgradeCheck = 0720;
				ORGANIZATIONNAME = haiwan;
				TargetAttributes = {
					36896D441CE31E4700183610 = {
						CreatedOnToolsVersion = 7.2;
					};
					36896D5D1CE31E4700183610 = {
						CreatedOnToolsVersion = 7.2;
						TestTargetID = 36896D441CE31E4700183610;
					};
					36896D681CE31E4700183610 = {
						CreatedOnToolsVersion = 7.2;
						TestTargetID = 36896D441CE31E4700183610;
					};
				};
			};
			buildConfigurationList = 36896D401CE31E4700183610 /* Build configuration list for PBXProject "AsyncDisplayKitDemo" */;
			compatibilityVersion = "Xcode 3.2";
			developmentRegion = English;
			hasScannedForEncodings = 0;
			knownRegions = (
				en,
				Base,
			);
			mainGroup = 36896D3C1CE31E4700183610;
			productRefGroup = 36896D461CE31E4700183610 /* Products */;
			projectDirPath = "";
			projectRoot = "";
			targets = (
				36896D441CE31E4700183610 /* AsyncDisplayKitDemo */,
				36896D5D1CE31E4700183610 /* AsyncDisplayKitDemoTests */,
				36896D681CE31E4700183610 /* AsyncDisplayKitDemoUITests */,
			);
		};
/* End PBXProject section */

/* Begin PBXResourcesBuildPhase section */
		36896D431CE31E4700183610 /* Resources */ = {
			isa = PBXResourcesBuildPhase;
			buildActionMask = 2147483647;
			files = (
				36896D581CE31E4700183610 /* LaunchScreen.storyboard in Resources */,
				36896D551CE31E4700183610 /* Assets.xcassets in Resources */,
				36896D531CE31E4700183610 /* Main.storyboard in Resources */,
			);
			runOnlyForDeploymentPostprocessing = 0;
		};
		36896D5C1CE31E4700183610 /* Resources */ = {
			isa = PBXResourcesBuildPhase;
			buildActionMask = 2147483647;
			files = (
			);
			runOnlyForDeploymentPostprocessing = 0;
		};
		36896D671CE31E4700183610 /* Resources */ = {
			isa = PBXResourcesBuildPhase;
			buildActionMask = 2147483647;
			files = (
			);
			runOnlyForDeploymentPostprocessing = 0;
		};
/* End PBXResourcesBuildPhase section */

/* Begin PBXSourcesBuildPhase section */
		36896D411CE31E4700183610 /* Sources */ = {
			isa = PBXSourcesBuildPhase;
			buildActionMask = 2147483647;
			files = (
				36896D501CE31E4700183610 /* ViewController.m in Sources */,
				36896D4D1CE31E4700183610 /* AppDelegate.m in Sources */,
				36896D4A1CE31E4700183610 /* main.m in Sources */,
			);
			runOnlyForDeploymentPostprocessing = 0;
		};
		36896D5A1CE31E4700183610 /* Sources */ = {
			isa = PBXSourcesBuildPhase;
			buildActionMask = 2147483647;
			files = (
				36896D631CE31E4700183610 /* AsyncDisplayKitDemoTests.m in Sources */,
			);
			runOnlyForDeploymentPostprocessing = 0;
		};
		36896D651CE31E4700183610 /* Sources */ = {
			isa = PBXSourcesBuildPhase;
			buildActionMask = 2147483647;
			files = (
				36896D6E1CE31E4700183610 /* AsyncDisplayKitDemoUITests.m in Sources */,
			);
			runOnlyForDeploymentPostprocessing = 0;
		};
/* End PBXSourcesBuildPhase section */

/* Begin PBXTargetDependency section */
		36896D601CE31E4700183610 /* PBXTargetDependency */ = {
			isa = PBXTargetDependency;
			target = 36896D441CE31E4700183610 /* AsyncDisplayKitDemo */;
			targetProxy = 36896D5F1CE31E4700183610 /* PBXContainerItemProxy */;
		};
		36896D6B1CE31E4700183610 /* PBXTargetDependency */ = {
			isa = PBXTargetDependency;
			target = 36896D441CE31E4700183610 /* AsyncDisplayKitDemo */;
			targetProxy = 36896D6A1CE31E4700183610 /* PBXContainerItemProxy */;
		};
/* End PBXTargetDependency section */

/* Begin PBXVariantGroup section */
		36896D511CE31E4700183610 /* Main.storyboard */ = {
			isa = PBXVariantGroup;
			children = (
				36896D521CE31E4700183610 /* Base */,
			);
			name = Main.storyboard;
			sourceTree = "<group>";
		};
		36896D561CE31E4700183610 /* LaunchScreen.storyboard */ = {
			isa = PBXVariantGroup;
			children = (
				36896D571CE31E4700183610 /* Base */,
			);
			name = LaunchScreen.storyboard;
			sourceTree = "<group>";
		};
/* End PBXVariantGroup section */

/* Begin XCBuildConfiguration section */
		36896D701CE31E4700183610 /* Debug */ = {
			isa = XCBuildConfiguration;
			buildSettings = {
				ALWAYS_SEARCH_USER_PATHS = NO;
				CLANG_CXX_LANGUAGE_STANDARD = "gnu++0x";
				CLANG_CXX_LIBRARY = "libc++";
				CLANG_ENABLE_MODULES = YES;
				CLANG_ENABLE_OBJC_ARC = YES;
				CLANG_WARN_BOOL_CONVERSION = YES;
				CLANG_WARN_CONSTANT_CONVERSION = YES;
				CLANG_WARN_DIRECT_OBJC_ISA_USAGE = YES_ERROR;
				CLANG_WARN_EMPTY_BODY = YES;
				CLANG_WARN_ENUM_CONVERSION = YES;
				CLANG_WARN_INT_CONVERSION = YES;
				CLANG_WARN_OBJC_ROOT_CLASS = YES_ERROR;
				CLANG_WARN_UNREACHABLE_CODE = YES;
				CLANG_WARN__DUPLICATE_METHOD_MATCH = YES;
				"CODE_SIGN_IDENTITY[sdk=iphoneos*]" = "iPhone Developer";
				COPY_PHASE_STRIP = NO;
				DEBUG_INFORMATION_FORMAT = dwarf;
				ENABLE_STRICT_OBJC_MSGSEND = YES;
				ENABLE_TESTABILITY = YES;
				GCC_C_LANGUAGE_STANDARD = gnu99;
				GCC_DYNAMIC_NO_PIC = NO;
				GCC_NO_COMMON_BLOCKS = YES;
				GCC_OPTIMIZATION_LEVEL = 0;
				GCC_PREPROCESSOR_DEFINITIONS = (
					"DEBUG=1",
					"$(inherited)",
				);
				GCC_WARN_64_TO_32_BIT_CONVERSION = YES;
				GCC_WARN_ABOUT_RETURN_TYPE = YES_ERROR;
				GCC_WARN_UNDECLARED_SELECTOR = YES;
				GCC_WARN_UNINITIALIZED_AUTOS = YES_AGGRESSIVE;
				GCC_WARN_UNUSED_FUNCTION = YES;
				GCC_WARN_UNUSED_VARIABLE = YES;
				IPHONEOS_DEPLOYMENT_TARGET = 9.2;
				MTL_ENABLE_DEBUG_INFO = YES;
				ONLY_ACTIVE_ARCH = YES;
				SDKROOT = iphoneos;
				TARGETED_DEVICE_FAMILY = "1,2";
			};
			name = Debug;
		};
		36896D711CE31E4700183610 /* Release */ = {
			isa = XCBuildConfiguration;
			buildSettings = {
				ALWAYS_SEARCH_USER_PATHS = NO;
				CLANG_CXX_LANGUAGE_STANDARD = "gnu++0x";
				CLANG_CXX_LIBRARY = "libc++";
				CLANG_ENABLE_MODULES = YES;
				CLANG_ENABLE_OBJC_ARC = YES;
				CLANG_WARN_BOOL_CONVERSION = YES;
				CLANG_WARN_CONSTANT_CONVERSION = YES;
				CLANG_WARN_DIRECT_OBJC_ISA_USAGE = YES_ERROR;
				CLANG_WARN_EMPTY_BODY = YES;
				CLANG_WARN_ENUM_CONVERSION = YES;
				CLANG_WARN_INT_CONVERSION = YES;
				CLANG_WARN_OBJC_ROOT_CLASS = YES_ERROR;
				CLANG_WARN_UNREACHABLE_CODE = YES;
				CLANG_WARN__DUPLICATE_METHOD_MATCH = YES;
				"CODE_SIGN_IDENTITY[sdk=iphoneos*]" = "iPhone Developer";
				COPY_PHASE_STRIP = NO;
				DEBUG_INFORMATION_FORMAT = "dwarf-with-dsym";
				ENABLE_NS_ASSERTIONS = NO;
				ENABLE_STRICT_OBJC_MSGSEND = YES;
				GCC_C_LANGUAGE_STANDARD = gnu99;
				GCC_NO_COMMON_BLOCKS = YES;
				GCC_WARN_64_TO_32_BIT_CONVERSION = YES;
				GCC_WARN_ABOUT_RETURN_TYPE = YES_ERROR;
				GCC_WARN_UNDECLARED_SELECTOR = YES;
				GCC_WARN_UNINITIALIZED_AUTOS = YES_AGGRESSIVE;
				GCC_WARN_UNUSED_FUNCTION = YES;
				GCC_WARN_UNUSED_VARIABLE = YES;
				IPHONEOS_DEPLOYMENT_TARGET = 9.2;
				MTL_ENABLE_DEBUG_INFO = NO;
				SDKROOT = iphoneos;
				TARGETED_DEVICE_FAMILY = "1,2";
				VALIDATE_PRODUCT = YES;
			};
			name = Release;
		};
		36896D731CE31E4700183610 /* Debug */ = {
			isa = XCBuildConfiguration;
			buildSettings = {
				ASSETCATALOG_COMPILER_APPICON_NAME = AppIcon;
				INFOPLIST_FILE = AsyncDisplayKitDemo/Info.plist;
				LD_RUNPATH_SEARCH_PATHS = "$(inherited) @executable_path/Frameworks";
				PRODUCT_BUNDLE_IDENTIFIER = com.haiwan.AsyncDisplayKitDemo;
				PRODUCT_NAME = "$(TARGET_NAME)";
			};
			name = Debug;
		};
		36896D741CE31E4700183610 /* Release */ = {
			isa = XCBuildConfiguration;
			buildSettings = {
				ASSETCATALOG_COMPILER_APPICON_NAME = AppIcon;
				INFOPLIST_FILE = AsyncDisplayKitDemo/Info.plist;
				LD_RUNPATH_SEARCH_PATHS = "$(inherited) @executable_path/Frameworks";
				PRODUCT_BUNDLE_IDENTIFIER = com.haiwan.AsyncDisplayKitDemo;
				PRODUCT_NAME = "$(TARGET_NAME)";
			};
			name = Release;
		};
		36896D761CE31E4700183610 /* Debug */ = {
			isa = XCBuildConfiguration;
			buildSettings = {
				BUNDLE_LOADER = "$(TEST_HOST)";
				INFOPLIST_FILE = AsyncDisplayKitDemoTests/Info.plist;
				LD_RUNPATH_SEARCH_PATHS = "$(inherited) @executable_path/Frameworks @loader_path/Frameworks";
				PRODUCT_BUNDLE_IDENTIFIER = com.haiwan.AsyncDisplayKitDemoTests;
				PRODUCT_NAME = "$(TARGET_NAME)";
				TEST_HOST = "$(BUILT_PRODUCTS_DIR)/AsyncDisplayKitDemo.app/AsyncDisplayKitDemo";
			};
			name = Debug;
		};
		36896D771CE31E4700183610 /* Release */ = {
			isa = XCBuildConfiguration;
			buildSettings = {
				BUNDLE_LOADER = "$(TEST_HOST)";
				INFOPLIST_FILE = AsyncDisplayKitDemoTests/Info.plist;
				LD_RUNPATH_SEARCH_PATHS = "$(inherited) @executable_path/Frameworks @loader_path/Frameworks";
				PRODUCT_BUNDLE_IDENTIFIER = com.haiwan.AsyncDisplayKitDemoTests;
				PRODUCT_NAME = "$(TARGET_NAME)";
				TEST_HOST = "$(BUILT_PRODUCTS_DIR)/AsyncDisplayKitDemo.app/AsyncDisplayKitDemo";
			};
			name = Release;
		};
		36896D791CE31E4700183610 /* Debug */ = {
			isa = XCBuildConfiguration;
			buildSettings = {
				INFOPLIST_FILE = AsyncDisplayKitDemoUITests/Info.plist;
				LD_RUNPATH_SEARCH_PATHS = "$(inherited) @executable_path/Frameworks @loader_path/Frameworks";
				PRODUCT_BUNDLE_IDENTIFIER = com.haiwan.AsyncDisplayKitDemoUITests;
				PRODUCT_NAME = "$(TARGET_NAME)";
				TEST_TARGET_NAME = AsyncDisplayKitDemo;
				USES_XCTRUNNER = YES;
			};
			name = Debug;
		};
		36896D7A1CE31E4700183610 /* Release */ = {
			isa = XCBuildConfiguration;
			buildSettings = {
				INFOPLIST_FILE = AsyncDisplayKitDemoUITests/Info.plist;
				LD_RUNPATH_SEARCH_PATHS = "$(inherited) @executable_path/Frameworks @loader_path/Frameworks";
				PRODUCT_BUNDLE_IDENTIFIER = com.haiwan.AsyncDisplayKitDemoUITests;
				PRODUCT_NAME = "$(TARGET_NAME)";
				TEST_TARGET_NAME = AsyncDisplayKitDemo;
				USES_XCTRUNNER = YES;
			};
			name = Release;
		};
/* End XCBuildConfiguration section */

/* Begin XCConfigurationList section */
		36896D401CE31E4700183610 /* Build configuration list for PBXProject "AsyncDisplayKitDemo" */ = {
			isa = XCConfigurationList;
			buildConfigurations = (
				36896D701CE31E4700183610 /* Debug */,
				36896D711CE31E4700183610 /* Release */,
			);
			defaultConfigurationIsVisible = 0;
			defaultConfigurationName = Release;
		};
		36896D721CE31E4700183610 /* Build configuration list for PBXNativeTarget "AsyncDisplayKitDemo" */ = {
			isa = XCConfigurationList;
			buildConfigurations = (
				36896D731CE31E4700183610 /* Debug */,
				36896D741CE31E4700183610 /* Release */,
			);
			defaultConfigurationIsVisible = 0;
		};
		36896D751CE31E4700183610 /* Build configuration list for PBXNativeTarget "AsyncDisplayKitDemoTests" */ = {
			isa = XCConfigurationList;
			buildConfigurations = (
				36896D761CE31E4700183610 /* Debug */,
				36896D771CE31E4700183610 /* Release */,
			);
			defaultConfigurationIsVisible = 0;
		};
		36896D781CE31E4700183610 /* Build configuration list for PBXNativeTarget "AsyncDisplayKitDemoUITests" */ = {
			isa = XCConfigurationList;
			buildConfigurations = (
				36896D791CE31E4700183610 /* Debug */,
				36896D7A1CE31E4700183610 /* Release */,
			);
			defaultConfigurationIsVisible = 0;
		};
/* End XCConfigurationList section */
	};
	rootObject = 36896D3D1CE31E4700183610 /* Project object */;
}
